
Microsoft Visual Studio Solution File, Format Version 12.00
# Visual Studio Version 16
VisualStudioVersion = 16.0.29411.108
MinimumVisualStudioVersion = 10.0.40219.1
Project("{FAE04EC0-301F-11D3-BF4B-00C04F79EFBC}") = "snake", "snake\snake.csproj", "{BA3A7B13-6B1E-4CA4-A573-3D1A3AB90765}"
EndProject
Global
	GlobalSection(SolutionConfigurationPlatforms) = preSolution
		Debug|Any CPU = Debug|Any CPU
		Release|Any CPU = Release|Any CPU
	EndGlobalSection
	GlobalSection(ProjectConfigurationPlatforms) = postSolution
		{BA3A7B13-6B1E-4CA4-A573-3D1A3AB90765}.Debug|Any CPU.ActiveCfg = Debug|Any CPU
		{BA3A7B13-6B1E-4CA4-A573-3D1A3AB90765}.Debug|Any CPU.Build.0 = Debug|Any CPU
		{BA3A7B13-6B1E-4CA4-A573-3D1A3AB90765}.Release|Any CPU.ActiveCfg = Release|Any CPU
		{BA3A7B13-6B1E-4CA4-A573-3D1A3AB90765}.Release|Any CPU.Build.0 = Release|Any CPU
	EndGlobalSection
	GlobalSection(SolutionProperties) = preSolution
		HideSolutionNode = FALSE
	EndGlobalSection
	GlobalSection(ExtensibilityGlobals) = postSolution
		SolutionGuid = {4D75B1D9-E317-4442-860B-08F9ED0B63FB}
	EndGlobalSection
EndGlobal
